
Microsoft Visual Studio Solution File, Format Version 12.00
# Visual Studio Version 17
VisualStudioVersion = 17.3.32901.215
MinimumVisualStudioVersion = 10.0.40219.1
Project("{FAE04EC0-301F-11D3-BF4B-00C04F79EFBC}") = "ornek-1", "ornek-1\ornek-1.csproj", "{7481912C-2C8C-4721-867F-A16453938552}"
EndProject
Global
	GlobalSection(SolutionConfigurationPlatforms) = preSolution
		Debug|Any CPU = Debug|Any CPU
		Release|Any CPU = Release|Any CPU
	EndGlobalSection
	GlobalSection(ProjectConfigurationPlatforms) = postSolution
		{7481912C-2C8C-4721-867F-A16453938552}.Debug|Any CPU.ActiveCfg = Debug|Any CPU
		{7481912C-2C8C-4721-867F-A16453938552}.Debug|Any CPU.Build.0 = Debug|Any CPU
		{7481912C-2C8C-4721-867F-A16453938552}.Release|Any CPU.ActiveCfg = Release|Any CPU
		{7481912C-2C8C-4721-867F-A16453938552}.Release|Any CPU.Build.0 = Release|Any CPU
	EndGlobalSection
	GlobalSection(SolutionProperties) = preSolution
		HideSolutionNode = FALSE
	EndGlobalSection
	GlobalSection(ExtensibilityGlobals) = postSolution
		SolutionGuid = {02F2AB84-B0C9-4A99-8FC4-47A9033C59D1}
	EndGlobalSection
EndGlobal
